
Microsoft Visual Studio Solution File, Format Version 12.00
# Visual Studio Version 16
VisualStudioVersion = 16.0.30330.147
MinimumVisualStudioVersion = 10.0.40219.1
Project("{FAE04EC0-301F-11D3-BF4B-00C04F79EFBC}") = "Tarea2_ElmerSalazar_304260158", "Tarea2_ElmerSalazar_304260158\Tarea2_ElmerSalazar_304260158.csproj", "{A40CB632-4D24-408F-9B1E-64D808739A68}"
EndProject
Project("{FAE04EC0-301F-11D3-BF4B-00C04F79EFBC}") = "ManejoDatos", "ManejoDatos\ManejoDatos.csproj", "{1C796C45-BB8C-4B53-9659-3DFC135DD707}"
EndProject
Project("{FAE04EC0-301F-11D3-BF4B-00C04F79EFBC}") = "Entidad_cajero_catego_prod", "Entidad_cajero_catego_prod\Entidad_cajero_catego_prod.csproj", "{0CCF2E2F-6288-45B0-87FB-E63A17CAD3CF}"
EndProject
Global
	GlobalSection(SolutionConfigurationPlatforms) = preSolution
		Debug|Any CPU = Debug|Any CPU
		Release|Any CPU = Release|Any CPU
	EndGlobalSection
	GlobalSection(ProjectConfigurationPlatforms) = postSolution
		{A40CB632-4D24-408F-9B1E-64D808739A68}.Debug|Any CPU.ActiveCfg = Debug|Any CPU
		{A40CB632-4D24-408F-9B1E-64D808739A68}.Debug|Any CPU.Build.0 = Debug|Any CPU
		{A40CB632-4D24-408F-9B1E-64D808739A68}.Release|Any CPU.ActiveCfg = Release|Any CPU
		{A40CB632-4D24-408F-9B1E-64D808739A68}.Release|Any CPU.Build.0 = Release|Any CPU
		{1C796C45-BB8C-4B53-9659-3DFC135DD707}.Debug|Any CPU.ActiveCfg = Debug|Any CPU
		{1C796C45-BB8C-4B53-9659-3DFC135DD707}.Debug|Any CPU.Build.0 = Debug|Any CPU
		{1C796C45-BB8C-4B53-9659-3DFC135DD707}.Release|Any CPU.ActiveCfg = Release|Any CPU
		{1C796C45-BB8C-4B53-9659-3DFC135DD707}.Release|Any CPU.Build.0 = Release|Any CPU
		{0CCF2E2F-6288-45B0-87FB-E63A17CAD3CF}.Debug|Any CPU.ActiveCfg = Debug|Any CPU
		{0CCF2E2F-6288-45B0-87FB-E63A17CAD3CF}.Debug|Any CPU.Build.0 = Debug|Any CPU
		{0CCF2E2F-6288-45B0-87FB-E63A17CAD3CF}.Release|Any CPU.ActiveCfg = Release|Any CPU
		{0CCF2E2F-6288-45B0-87FB-E63A17CAD3CF}.Release|Any CPU.Build.0 = Release|Any CPU
	EndGlobalSection
	GlobalSection(SolutionProperties) = preSolution
		HideSolutionNode = FALSE
	EndGlobalSection
	GlobalSection(ExtensibilityGlobals) = postSolution
		SolutionGuid = {7E68574B-842D-410C-8C26-9756BB53761C}
	EndGlobalSection
EndGlobal
